<?xml version="1.0" encoding="UTF-8" standalone="yes" ?>
<CodeBlocks_project_file>
	<FileVersion major="1" minor="6" />
	<Project>
		<Option title="exampleWindows" />
		<Option makefile="makefile" />
		<Option pch_mode="2" />
		<Option compiler="gcc" />
		<Option virtualFolders="addons\;addons\ofxFenster\;src\;addons\ofxFenster\src\;addons\ofxFenster\libs\;addons\ofxFenster\libs\ghost\;addons\ofxFenster\libs\string\;addons\ofxFenster\libs\string\include\;addons\ofxFenster\libs\ghost\include\;addons\ofxFenster\libs\ghost\include\WIN32\;" />
		<Build>
			<Target title="release">
				<Option output="bin\$(PROJECT_NAME)" prefix_auto="1" extension_auto="1" />
				<Option working_dir="bin" />
				<Option object_output="obj\release" />
				<Option external_deps="..\..\..\libs\openFrameworksCompiled\lib\win_cb\openFrameworks.lib;" />
				<Option type="1" />
				<Option compiler="gcc" />
				<Option projectLinkerOptionsRelation="2" />
				<Compiler>
					<Add option="-O2" />
				</Compiler>
				<Linker>
					<Add option="-s" />
					<Add option="../../../libs/openFrameworksCompiled/lib/win_cb/openFrameworks.lib" />
				</Linker>
			</Target>
			<Target title="debug">
				<Option output="bin\$(PROJECT_NAME)_DEBUG" prefix_auto="1" extension_auto="1" />
				<Option working_dir="bin" />
				<Option object_output="obj\debug\" />
				<Option external_deps="..\..\..\libs\openFrameworksCompiled\lib\win_cb\openFrameworksDebug.lib;" />
				<Option type="1" />
				<Option compiler="gcc" />
				<Option projectLinkerOptionsRelation="2" />
				<Compiler>
					<Add option="-g" />
				</Compiler>
				<Linker>
					<Add option="../../../libs/openFrameworksCompiled/lib/win_cb/openFrameworksDebug.lib" />
				</Linker>
			</Target>
		</Build>
		<Compiler>
			<Add option="-Wno-multichar" />
			<Add directory="..\..\..\libs\glu\include" />
			<Add directory="..\..\..\libs\freetype\include" />
			<Add directory="..\..\..\libs\freetype\include\freetype2" />
			<Add directory="..\..\..\libs\FreeImage\include" />
			<Add directory="..\..\..\libs\quicktime\include" />
			<Add directory="..\..\..\libs\rtAudio\include" />
			<Add directory="..\..\..\libs\fmodex\include" />
			<Add directory="..\..\..\libs\videoInput\include" />
			<Add directory="..\..\..\libs\glew\include" />
			<Add directory="..\..\..\libs\glut\include" />
			<Add directory="..\..\..\libs\openFrameworks" />
			<Add directory="..\..\..\libs\openFrameworks\3d" />
			<Add directory="..\..\..\libs\openFrameworks\app" />
			<Add directory="..\..\..\libs\openFrameworks\communication" />
			<Add directory="..\..\..\libs\openFrameworks\events" />
			<Add directory="..\..\..\libs\openFrameworks\gl" />
			<Add directory="..\..\..\libs\openFrameworks\graphics" />
			<Add directory="..\..\..\libs\openFrameworks\math" />
			<Add directory="..\..\..\libs\openFrameworks\sound" />
			<Add directory="..\..\..\libs\openFrameworks\types" />
			<Add directory="..\..\..\libs\openFrameworks\utils" />
			<Add directory="..\..\..\libs\openFrameworks\video" />
			<Add directory="..\..\..\libs\poco\include" />
			<Add directory="..\..\..\libs\tess2\include" />
			<Add directory="..\..\..\libs\cairo\include\cairo" />
			<Add directory="..\src" />
			<Add directory="..\libs\ghost\include" />
			<Add directory="..\libs\string\include" />
		</Compiler>
		<Linker>
			<Add library="..\..\..\libs\FreeImage\lib\win_cb\FreeImage.lib" />
			<Add library="..\..\..\libs\rtAudio\lib\win_cb\librtaudio.a" />
			<Add library="..\..\..\libs\quicktime\lib\win_cb\qtmlClient.lib" />
			<Add library="..\..\..\libs\cairo\lib\win_cb\libcairo.a" />
			<Add library="..\..\..\libs\cairo\lib\win_cb\libpixman-1.a" />
			<Add library="..\..\..\libs\freetype\lib\win_cb\libfreetype.a" />
			<Add library="..\..\..\libs\glut\lib\win_cb\libglut.a" />
			<Add library="..\..\..\libs\videoInput\lib\win_cb\videoInputLib.a" />
			<Add library="..\..\..\libs\fmodex\lib\win_cb\libfmodex.a" />
			<Add library="..\..\..\libs\glew\lib\win_cb\glew32s.lib" />
			<Add library="..\..\..\libs\glu\lib\win_cb\glu32.lib" />
			<Add library="..\..\..\libs\poco\lib\win_cb\libPocoNetmt.a" />
			<Add library="..\..\..\libs\poco\lib\win_cb\libPocoUtilmt.a" />
			<Add library="..\..\..\libs\poco\lib\win_cb\libPocoXMLmt.a" />
			<Add library="..\..\..\libs\poco\lib\win_cb\libPocoFoundationmt.a" />
			<Add library="..\..\..\libs\tess2\lib\win_cb\libtess2.a" />
			<Add library="..\libs\ghost\lib\win_cb\libGhost32.a" />
			<Add library="opengl32" />
			<Add library="gdi32" />
			<Add library="msimg32" />
			<Add library="glu32" />
			<Add library="dsound" />
			<Add library="winmm" />
			<Add library="dxguid" />
			<Add library="strmbase" />
			<Add library="strmiids" />
			<Add library="z" />
			<Add library="uuid" />
			<Add library="ole32" />
			<Add library="oleaut32" />
			<Add library="setupapi" />
			<Add library="wsock32" />
			<Add library="ws2_32" />
			<Add library="Iphlpapi" />
		</Linker>
		<ExtraCommands>
			<Add after='xcopy /e /i /y &quot;$(PROJECT_DIR)..\..\..\export\win_cb\*.dll&quot;  &quot;$(PROJECT_DIR)bin&quot;' />
			<Add after='cmd /c if not exist &quot;$(PROJECT_DIR)bin/data&quot; mkdir &quot;$(PROJECT_DIR)bin/data&quot;' />
			<Mode after="always" />
		</ExtraCommands>
		<Unit filename="src\main.cpp">
			<Option virtualFolder="src\" />
		</Unit>
		<Unit filename="src\testApp.cpp">
			<Option virtualFolder="src\" />
		</Unit>
		<Unit filename="src\testApp.h">
			<Option virtualFolder="src\" />
		</Unit>
		<Unit filename="..\libs\ghost\include\GHOST_Buttons.h">
			<Option virtualFolder="addons\ofxFenster\libs\ghost\include\" />
		</Unit>
		<Unit filename="..\libs\ghost\include\GHOST_C-api.h">
			<Option virtualFolder="addons\ofxFenster\libs\ghost\include\" />
		</Unit>
		<Unit filename="..\libs\ghost\include\GHOST_CallbackEventConsumer.h">
			<Option virtualFolder="addons\ofxFenster\libs\ghost\include\" />
		</Unit>
		<Unit filename="..\libs\ghost\include\GHOST_Debug.h">
			<Option virtualFolder="addons\ofxFenster\libs\ghost\include\" />
		</Unit>
		<Unit filename="..\libs\ghost\include\GHOST_DisplayManager.h">
			<Option virtualFolder="addons\ofxFenster\libs\ghost\include\" />
		</Unit>
		<Unit filename="..\libs\ghost\include\GHOST_DisplayManagerNULL.h">
			<Option virtualFolder="addons\ofxFenster\libs\ghost\include\" />
		</Unit>
		<Unit filename="..\libs\ghost\include\GHOST_Event.h">
			<Option virtualFolder="addons\ofxFenster\libs\ghost\include\" />
		</Unit>
		<Unit filename="..\libs\ghost\include\GHOST_EventButton.h">
			<Option virtualFolder="addons\ofxFenster\libs\ghost\include\" />
		</Unit>
		<Unit filename="..\libs\ghost\include\GHOST_EventCursor.h">
			<Option virtualFolder="addons\ofxFenster\libs\ghost\include\" />
		</Unit>
		<Unit filename="..\libs\ghost\include\GHOST_EventDragnDrop.h">
			<Option virtualFolder="addons\ofxFenster\libs\ghost\include\" />
		</Unit>
		<Unit filename="..\libs\ghost\include\GHOST_EventKey.h">
			<Option virtualFolder="addons\ofxFenster\libs\ghost\include\" />
		</Unit>
		<Unit filename="..\libs\ghost\include\GHOST_EventManager.h">
			<Option virtualFolder="addons\ofxFenster\libs\ghost\include\" />
		</Unit>
		<Unit filename="..\libs\ghost\include\GHOST_EventNDOF.h">
			<Option virtualFolder="addons\ofxFenster\libs\ghost\include\" />
		</Unit>
		<Unit filename="..\libs\ghost\include\GHOST_EventPrinter.h">
			<Option virtualFolder="addons\ofxFenster\libs\ghost\include\" />
		</Unit>
		<Unit filename="..\libs\ghost\include\GHOST_EventString.h">
			<Option virtualFolder="addons\ofxFenster\libs\ghost\include\" />
		</Unit>
		<Unit filename="..\libs\ghost\include\GHOST_EventTrackpad.h">
			<Option virtualFolder="addons\ofxFenster\libs\ghost\include\" />
		</Unit>
		<Unit filename="..\libs\ghost\include\GHOST_EventWheel.h">
			<Option virtualFolder="addons\ofxFenster\libs\ghost\include\" />
		</Unit>
		<Unit filename="..\libs\ghost\include\GHOST_IEvent.h">
			<Option virtualFolder="addons\ofxFenster\libs\ghost\include\" />
		</Unit>
		<Unit filename="..\libs\ghost\include\GHOST_IEventConsumer.h">
			<Option virtualFolder="addons\ofxFenster\libs\ghost\include\" />
		</Unit>
		<Unit filename="..\libs\ghost\include\GHOST_ISystem.h">
			<Option virtualFolder="addons\ofxFenster\libs\ghost\include\" />
		</Unit>
		<Unit filename="..\libs\ghost\include\GHOST_ISystemPaths.h">
			<Option virtualFolder="addons\ofxFenster\libs\ghost\include\" />
		</Unit>
		<Unit filename="..\libs\ghost\include\GHOST_ITimerTask.h">
			<Option virtualFolder="addons\ofxFenster\libs\ghost\include\" />
		</Unit>
		<Unit filename="..\libs\ghost\include\GHOST_IWindow.h">
			<Option virtualFolder="addons\ofxFenster\libs\ghost\include\" />
		</Unit>
		<Unit filename="..\libs\ghost\include\GHOST_ModifierKeys.h">
			<Option virtualFolder="addons\ofxFenster\libs\ghost\include\" />
		</Unit>
		<Unit filename="..\libs\ghost\include\GHOST_Path-api.h">
			<Option virtualFolder="addons\ofxFenster\libs\ghost\include\" />
		</Unit>
		<Unit filename="..\libs\ghost\include\GHOST_Rect.h">
			<Option virtualFolder="addons\ofxFenster\libs\ghost\include\" />
		</Unit>
		<Unit filename="..\libs\ghost\include\GHOST_System.h">
			<Option virtualFolder="addons\ofxFenster\libs\ghost\include\" />
		</Unit>
		<Unit filename="..\libs\ghost\include\GHOST_SystemNULL.h">
			<Option virtualFolder="addons\ofxFenster\libs\ghost\include\" />
		</Unit>
		<Unit filename="..\libs\ghost\include\GHOST_SystemPaths.h">
			<Option virtualFolder="addons\ofxFenster\libs\ghost\include\" />
		</Unit>
		<Unit filename="..\libs\ghost\include\GHOST_TimerManager.h">
			<Option virtualFolder="addons\ofxFenster\libs\ghost\include\" />
		</Unit>
		<Unit filename="..\libs\ghost\include\GHOST_TimerTask.h">
			<Option virtualFolder="addons\ofxFenster\libs\ghost\include\" />
		</Unit>
		<Unit filename="..\libs\ghost\include\GHOST_Types.h">
			<Option virtualFolder="addons\ofxFenster\libs\ghost\include\" />
		</Unit>
		<Unit filename="..\libs\ghost\include\GHOST_Window.h">
			<Option virtualFolder="addons\ofxFenster\libs\ghost\include\" />
		</Unit>
		<Unit filename="..\libs\ghost\include\GHOST_WindowManager.h">
			<Option virtualFolder="addons\ofxFenster\libs\ghost\include\" />
		</Unit>
		<Unit filename="..\libs\ghost\include\GHOST_WindowNULL.h">
			<Option virtualFolder="addons\ofxFenster\libs\ghost\include\" />
		</Unit>
		<Unit filename="..\libs\ghost\include\WIN32\GHOST_DisplayManagerWin32.h">
			<Option virtualFolder="addons\ofxFenster\libs\ghost\include\WIN32\" />
		</Unit>
		<Unit filename="..\libs\ghost\include\WIN32\GHOST_DropTargetWin32.h">
			<Option virtualFolder="addons\ofxFenster\libs\ghost\include\WIN32\" />
		</Unit>
		<Unit filename="..\libs\ghost\include\WIN32\GHOST_SystemPathsWin32.h">
			<Option virtualFolder="addons\ofxFenster\libs\ghost\include\WIN32\" />
		</Unit>
		<Unit filename="..\libs\ghost\include\WIN32\GHOST_SystemWin32.h">
			<Option virtualFolder="addons\ofxFenster\libs\ghost\include\WIN32\" />
		</Unit>
		<Unit filename="..\libs\ghost\include\WIN32\GHOST_TaskbarWin32.h">
			<Option virtualFolder="addons\ofxFenster\libs\ghost\include\WIN32\" />
		</Unit>
		<Unit filename="..\libs\ghost\include\WIN32\GHOST_WindowWin32.h">
			<Option virtualFolder="addons\ofxFenster\libs\ghost\include\WIN32\" />
		</Unit>
		<Unit filename="..\libs\ghost\include\WIN32\pktdef.h">
			<Option virtualFolder="addons\ofxFenster\libs\ghost\include\WIN32\" />
		</Unit>
		<Unit filename="..\libs\ghost\include\WIN32\wintab.h">
			<Option virtualFolder="addons\ofxFenster\libs\ghost\include\WIN32\" />
		</Unit>
		<Unit filename="..\libs\string\include\STR_String.h">
			<Option virtualFolder="addons\ofxFenster\libs\string\include\" />
		</Unit>
		<Unit filename="..\src\ofxDisplay.cpp">
			<Option virtualFolder="addons\ofxFenster\src\" />
		</Unit>
		<Unit filename="..\src\ofxDisplay.h">
			<Option virtualFolder="addons\ofxFenster\src\" />
		</Unit>
		<Unit filename="..\src\ofxDisplayManager.cpp">
			<Option virtualFolder="addons\ofxFenster\src\" />
		</Unit>
		<Unit filename="..\src\ofxDisplayManager.h">
			<Option virtualFolder="addons\ofxFenster\src\" />
		</Unit>
		<Unit filename="..\src\ofxFenster.cpp">
			<Option virtualFolder="addons\ofxFenster\src\" />
		</Unit>
		<Unit filename="..\src\ofxFenster.h">
			<Option virtualFolder="addons\ofxFenster\src\" />
		</Unit>
		<Unit filename="..\src\ofxFensterManager.cpp">
			<Option virtualFolder="addons\ofxFenster\src\" />
		</Unit>
		<Unit filename="..\src\ofxFensterManager.h">
			<Option virtualFolder="addons\ofxFenster\src\" />
		</Unit>
		<Extensions>
			<code_completion />
			<debugger />
			<envvars />
		</Extensions>
	</Project>
</CodeBlocks_project_file>
